
Microsoft Visual Studio Solution File, Format Version 12.00
# Visual Studio Version 16
VisualStudioVersion = 16.0.30523.141
MinimumVisualStudioVersion = 10.0.40219.1
Project("{FAE04EC0-301F-11D3-BF4B-00C04F79EFBC}") = "AplicatieConsola", "AplicatieConsola.csproj", "{44610E1B-E277-4024-86AA-7716AA6BD688}"
EndProject
Global
	GlobalSection(SolutionConfigurationPlatforms) = preSolution
		Debug|Any CPU = Debug|Any CPU
		Release|Any CPU = Release|Any CPU
	EndGlobalSection
	GlobalSection(ProjectConfigurationPlatforms) = postSolution
		{44610E1B-E277-4024-86AA-7716AA6BD688}.Debug|Any CPU.ActiveCfg = Debug|Any CPU
		{44610E1B-E277-4024-86AA-7716AA6BD688}.Debug|Any CPU.Build.0 = Debug|Any CPU
		{44610E1B-E277-4024-86AA-7716AA6BD688}.Release|Any CPU.ActiveCfg = Release|Any CPU
		{44610E1B-E277-4024-86AA-7716AA6BD688}.Release|Any CPU.Build.0 = Release|Any CPU
	EndGlobalSection
	GlobalSection(SolutionProperties) = preSolution
		HideSolutionNode = FALSE
	EndGlobalSection
	GlobalSection(ExtensibilityGlobals) = postSolution
		SolutionGuid = {3630800A-4191-4C59-A681-3769A1C7462A}
	EndGlobalSection
EndGlobal
